
Microsoft Visual Studio Solution File, Format Version 10.00
# Visual Studio 2008
# SharpDevelop 3.2.0.5777
Project("{FD48973F-F585-4F70-812B-4D0503B36CE9}") = "salim", "salim\salim.pyproj", "{89A1E0D2-34FA-4C18-936F-6AD8079C7155}"
EndProject
Project("{FD48973F-F585-4F70-812B-4D0503B36CE9}") = "testofx", "testofx\testofx.pyproj", "{293E20FD-5FFB-4A42-87F3-0BDC32D63887}"
EndProject
Global
	GlobalSection(SolutionConfigurationPlatforms) = preSolution
		Debug|x86 = Debug|x86
		Release|x86 = Release|x86
	EndGlobalSection
	GlobalSection(ProjectConfigurationPlatforms) = postSolution
		{89A1E0D2-34FA-4C18-936F-6AD8079C7155}.Debug|x86.Build.0 = Debug|x86
		{89A1E0D2-34FA-4C18-936F-6AD8079C7155}.Debug|x86.ActiveCfg = Debug|x86
		{89A1E0D2-34FA-4C18-936F-6AD8079C7155}.Release|x86.Build.0 = Release|x86
		{89A1E0D2-34FA-4C18-936F-6AD8079C7155}.Release|x86.ActiveCfg = Release|x86
		{293E20FD-5FFB-4A42-87F3-0BDC32D63887}.Debug|x86.Build.0 = Debug|x86
		{293E20FD-5FFB-4A42-87F3-0BDC32D63887}.Debug|x86.ActiveCfg = Debug|x86
		{293E20FD-5FFB-4A42-87F3-0BDC32D63887}.Release|x86.Build.0 = Release|x86
		{293E20FD-5FFB-4A42-87F3-0BDC32D63887}.Release|x86.ActiveCfg = Release|x86
	EndGlobalSection
EndGlobal
